
Microsoft Visual Studio Solution File, Format Version 12.00
# Visual Studio Version 17
VisualStudioVersion = 17.14.36221.1 d17.14
MinimumVisualStudioVersion = 10.0.40219.1
Project("{8BC9CEB8-8B4A-11D0-8D11-00A0C91BC942}") = "ClientQt", "ClientQt.vcxproj", "{7E3072B2-4D03-46A1-8C48-59630922DB3F}"
EndProject
Global
	GlobalSection(SolutionConfigurationPlatforms) = preSolution
		Debug|x64 = Debug|x64
		Release|x64 = Release|x64
	EndGlobalSection
	GlobalSection(ProjectConfigurationPlatforms) = postSolution
		{7E3072B2-4D03-46A1-8C48-59630922DB3F}.Debug|x64.ActiveCfg = Debug|x64
		{7E3072B2-4D03-46A1-8C48-59630922DB3F}.Debug|x64.Build.0 = Debug|x64
		{7E3072B2-4D03-46A1-8C48-59630922DB3F}.Release|x64.ActiveCfg = Release|x64
		{7E3072B2-4D03-46A1-8C48-59630922DB3F}.Release|x64.Build.0 = Release|x64
	EndGlobalSection
	GlobalSection(SolutionProperties) = preSolution
		HideSolutionNode = FALSE
	EndGlobalSection
	GlobalSection(ExtensibilityGlobals) = postSolution
		SolutionGuid = {6940A493-FA4A-4C52-AC06-46E427156833}
	EndGlobalSection
EndGlobal
